
Microsoft Visual Studio Solution File, Format Version 12.00
# Visual Studio Version 16
VisualStudioVersion = 25.0.1706.6
MinimumVisualStudioVersion = 10.0.40219.1
Project("{FAE04EC0-301F-11D3-BF4B-00C04F79EFBC}") = "MauiGroupedCollectionViewBug", "MauiGroupedCollectionViewBug.csproj", "{58A10E51-08F4-446A-A787-1B3644BA5305}"
EndProject
Global
	GlobalSection(SolutionConfigurationPlatforms) = preSolution
		Debug|Any CPU = Debug|Any CPU
		Release|Any CPU = Release|Any CPU
	EndGlobalSection
	GlobalSection(ProjectConfigurationPlatforms) = postSolution
		{58A10E51-08F4-446A-A787-1B3644BA5305}.Debug|Any CPU.ActiveCfg = Debug|Any CPU
		{58A10E51-08F4-446A-A787-1B3644BA5305}.Debug|Any CPU.Build.0 = Debug|Any CPU
		{58A10E51-08F4-446A-A787-1B3644BA5305}.Release|Any CPU.ActiveCfg = Release|Any CPU
		{58A10E51-08F4-446A-A787-1B3644BA5305}.Release|Any CPU.Build.0 = Release|Any CPU
	EndGlobalSection
	GlobalSection(SolutionProperties) = preSolution
		HideSolutionNode = FALSE
	EndGlobalSection
	GlobalSection(ExtensibilityGlobals) = postSolution
		SolutionGuid = {5240E36B-B55E-4CDD-8290-DC50751AA609}
	EndGlobalSection
EndGlobal
